
Microsoft Visual Studio Solution File, Format Version 12.00
# Visual Studio Version 17
VisualStudioVersion = 17.11.35327.3
MinimumVisualStudioVersion = 10.0.40219.1
Project("{FAE04EC0-301F-11D3-BF4B-00C04F79EFBC}") = "ConsoleApp", "ConsoleApp\ConsoleApp.csproj", "{BB16E009-B81C-4933-9238-558CD5E2AD49}"
EndProject
Global
	GlobalSection(SolutionConfigurationPlatforms) = preSolution
		Debug|Any CPU = Debug|Any CPU
		Release|Any CPU = Release|Any CPU
	EndGlobalSection
	GlobalSection(ProjectConfigurationPlatforms) = postSolution
		{BB16E009-B81C-4933-9238-558CD5E2AD49}.Debug|Any CPU.ActiveCfg = Debug|Any CPU
		{BB16E009-B81C-4933-9238-558CD5E2AD49}.Debug|Any CPU.Build.0 = Debug|Any CPU
		{BB16E009-B81C-4933-9238-558CD5E2AD49}.Release|Any CPU.ActiveCfg = Release|Any CPU
		{BB16E009-B81C-4933-9238-558CD5E2AD49}.Release|Any CPU.Build.0 = Release|Any CPU
	EndGlobalSection
	GlobalSection(SolutionProperties) = preSolution
		HideSolutionNode = FALSE
	EndGlobalSection
	GlobalSection(ExtensibilityGlobals) = postSolution
		SolutionGuid = {3AA3342B-89C9-4D2D-9A9D-C1817B3955AE}
	EndGlobalSection
EndGlobal
